{
  "version": 4,
  "terraform_version": "1.14.5",
  "serial": 13,
  "lineage": "f546cdae-b031-abd4-20a6-92bf29ee7746",
  "outputs": {
    "agent_pool": {
      "value": "SelfHosted",
      "type": "string"
    },
    "resource_group_name": {
      "value": "devops_agent_rg_dev",
      "type": "string"
    },
    "ssh_command": {
      "value": "ssh azureuser@4.223.84.205",
      "type": "string"
    },
    "vm_name": {
      "value": "devops-agent-dev",
      "type": "string"
    },
    "vm_private_ip": {
      "value": "10.0.1.4",
      "type": "string"
    },
    "vm_public_ip": {
      "value": "4.223.84.205",
      "type": "string"
    }
  },
  "resources": [
    {
      "mode": "managed",
      "type": "azurerm_linux_virtual_machine",
      "name": "devops_agent",
      "provider": "provider[\"registry.terraform.io/hashicorp/azurerm\"]",
      "instances": [
        {
          "schema_version": 0,
          "attributes": {
            "additional_capabilities": [],
            "admin_password": null,
            "admin_ssh_key": [
              {
                "public_key": "ssh-rsa AAAAB3NzaC1yc2EAAAADAQABAAACAQDLjFa7gF6pRdO2PoenvsD2CcBHqfmpUaERZeG5mXZY7YGz188+RGPcFfgyjcl1PHm3fpkgXt5ROBRRx+WEcgV3JZUl87IBL6No2YCjIgWPCsd8xhfwo1T/oA/7fV17p/ON/rJ74hxxGFkc81bA48H+2dSwZ/46IYdg+JIrIltA0zgXQbrNMmAJU+UJCYA0akHeZjMdCGDZv8Cu4Jm1GfpW1GbnVu28RUYqlSGqbPdnvpQ8kNQQZj36bejkAGWywreAbkk/NYdwNCSDRHm/0UHA9b/Vc68pgb/Az7qo28DEC0yK3T2jzZNv4U07beGXSpMjOu6z1MRcbOqSMSKkM0BgTqJg10Mlvgf8f5s8jIce68YWz0SDSbFRjG1gbcIxdgJgN1ezj/WBn3kjBbgpBPaaoDdsUTAFOw0dZ6qkJWwWmq31j/NBPqzKufB9MquQvmgM5G0kJTH33Mi2ELpqvlzeMgdft6rk0G8uTB8QX1nPM+6l25EKHsrNtVSoad4+q7KC72X3vDbu7MB1o+259MAkMpQ4GQlrBi+d8woXfTgLD3ml9gRdRqyceZ5EpSO/KIQsApu3jav0G/ziQurZB6R0SW5mtk7dKDQyl6Ehd8fg+Vhe3XYXQL45Q5Z02xoknc8X4RBCZhd18jjz2kXdIukJrTRFHUAO1BjAMfG7ByNjuQ== aarne@aarneharju.com\n",
                "username": "azureuser"
              }
            ],
            "admin_username": "azureuser",
            "allow_extension_operations": true,
            "availability_set_id": "",
            "boot_diagnostics": [],
            "bypass_platform_safety_checks_on_user_schedule_enabled": false,
            "capacity_reservation_group_id": "",
            "computer_name": "devops-agent-dev",
            "custom_data": "IyEvYmluL2Jhc2gKc2V0IC1lCgojIFVwZGF0ZSBzeXN0ZW0KYXB0LWdldCB1cGRhdGUKYXB0LWdldCB1cGdyYWRlIC15CgojIEluc3RhbGwgZGVwZW5kZW5jaWVzCmFwdC1nZXQgaW5zdGFsbCAteSBjdXJsIGdpdCBqcSBsaWJpY3U3MCBsaWJzc2wzCgojIEluc3RhbGwgRG9ja2VyIChvcHRpb25hbCBidXQgcmVjb21tZW5kZWQgZm9yIHBpcGVsaW5lIGJ1aWxkcykKY3VybCAtZnNTTCBodHRwczovL2dldC5kb2NrZXIuY29tIHwgc2gKdXNlcm1vZCAtYUcgZG9ja2VyIGF6dXJldXNlcgoKIyBDcmVhdGUgYWdlbnQgZGlyZWN0b3J5CkFHRU5UX0RJUj0iL29wdC9hemRvLWFnZW50Igpta2RpciAtcCAkQUdFTlRfRElSCmNkICRBR0VOVF9ESVIKCiMgRG93bmxvYWQgbGF0ZXN0IEF6dXJlIERldk9wcyBhZ2VudApBWlBfQUdFTlRfUkVTUE9OU0U9JChjdXJsIC1zTCAiaHR0cHM6Ly9hcGkuZ2l0aHViLmNvbS9yZXBvcy9taWNyb3NvZnQvYXp1cmUtcGlwZWxpbmVzLWFnZW50L3JlbGVhc2VzL2xhdGVzdCIpCkFHRU5UX1ZFUlNJT049JChlY2hvICRBWlBfQUdFTlRfUkVTUE9OU0UgfCBqcSAtciAnLnRhZ19uYW1lJyB8IHNlZCAncy92Ly8nKQpBR0VOVF9VUkw9Imh0dHBzOi8vdnN0c2FnZW50cGFja2FnZS5henVyZWVkZ2UubmV0L2FnZW50LyRBR0VOVF9WRVJTSU9OL3ZzdHMtYWdlbnQtbGludXgteDY0LSRBR0VOVF9WRVJTSU9OLnRhci5neiIKCmN1cmwgLWZrU0wgLW8gYWdlbnQudGFyLmd6ICIkQUdFTlRfVVJMIgp0YXIgLXp4ZiBhZ2VudC50YXIuZ3oKcm0gYWdlbnQudGFyLmd6CgojIFNldCBvd25lcnNoaXAKY2hvd24gLVIgYXp1cmV1c2VyOmF6dXJldXNlciAkQUdFTlRfRElSCgojIENvbmZpZ3VyZSB0aGUgYWdlbnQKc3VkbyAtdSBhenVyZXVzZXIgLi9jb25maWcuc2ggLS11bmF0dGVuZGVkIFwKICAtLXVybCAiaHR0cHM6Ly9kZXYuYXp1cmUuY29tL2Fhcm5laGFyanUyIiBcCiAgLS1hdXRoIHBhdCBcCiAgLS10b2tlbiAiMVQweDZmYXk1MDJpeE03UDVWbjlmemIycURxYktZYUZtRXhEbDVOU2hUbkF5c2d2RXMwakpRUUo5OUNCQUNBQUFBQUc0dHNUQUFBU0FaRE8yOTc5IiBcCiAgLS1wb29sICJTZWxmSG9zdGVkIiBcCiAgLS1hZ2VudCAiYWgyLWFka3QtdGVycmFmb3JtLWFnZW50LTAxLSQoaG9zdG5hbWUpIiBcCiAgLS1hY2NlcHRUZWVFdWxhIFwKICAtLXJlcGxhY2UKCiMgSW5zdGFsbCBhbmQgc3RhcnQgdGhlIGFnZW50IHNlcnZpY2UKLi9zdmMuc2ggaW5zdGFsbCBhenVyZXVzZXIKLi9zdmMuc2ggc3RhcnQKCmVjaG8gIkF6dXJlIERldk9wcyBhZ2VudCBpbnN0YWxsYXRpb24gY29tcGxldGUiCg==",
            "dedicated_host_group_id": "",
            "dedicated_host_id": "",
            "disable_password_authentication": true,
            "disk_controller_type": "SCSI",
            "edge_zone": "",
            "encryption_at_host_enabled": false,
            "eviction_policy": "",
            "extensions_time_budget": "PT1H30M",
            "gallery_application": [],
            "id": "/subscriptions/81900e2b-7315-4747-ad96-7782bf332ec6/resourceGroups/devops_agent_rg_dev/providers/Microsoft.Compute/virtualMachines/devops-agent-dev",
            "identity": [],
            "license_type": "",
            "location": "swedencentral",
            "max_bid_price": -1,
            "name": "devops-agent-dev",
            "network_interface_ids": [
              "/subscriptions/81900e2b-7315-4747-ad96-7782bf332ec6/resourceGroups/devops_agent_rg_dev/providers/Microsoft.Network/networkInterfaces/devops-agent-nic-dev"
            ],
            "os_disk": [
              {
                "caching": "ReadWrite",
                "diff_disk_settings": [],
                "disk_encryption_set_id": "",
                "disk_size_gb": 50,
                "name": "devops-agent-dev_OsDisk_1_6d05196cb69e4be5aa4d86f592160c40",
                "secure_vm_disk_encryption_set_id": "",
                "security_encryption_type": "",
                "storage_account_type": "Standard_LRS",
                "write_accelerator_enabled": false
              }
            ],
            "os_image_notification": [],
            "patch_assessment_mode": "ImageDefault",
            "patch_mode": "ImageDefault",
            "plan": [],
            "platform_fault_domain": -1,
            "priority": "Regular",
            "private_ip_address": "10.0.1.4",
            "private_ip_addresses": [
              "10.0.1.4"
            ],
            "provision_vm_agent": true,
            "proximity_placement_group_id": "",
            "public_ip_address": "4.223.84.205",
            "public_ip_addresses": [
              "4.223.84.205"
            ],
            "reboot_setting": "",
            "resource_group_name": "devops_agent_rg_dev",
            "secret": [],
            "secure_boot_enabled": false,
            "size": "Standard_B1s",
            "source_image_id": "",
            "source_image_reference": [
              {
                "offer": "0001-com-ubuntu-server-jammy",
                "publisher": "Canonical",
                "sku": "22_04-lts-gen2",
                "version": "latest"
              }
            ],
            "tags": {
              "environment": "dev"
            },
            "termination_notification": null,
            "timeouts": null,
            "user_data": "",
            "virtual_machine_id": "2400dc17-6b41-4ec3-94e4-af66ed8ccbfc",
            "virtual_machine_scale_set_id": "",
            "vm_agent_platform_updates_enabled": false,
            "vtpm_enabled": false,
            "zone": ""
          },
          "sensitive_attributes": [
            [
              {
                "type": "get_attr",
                "value": "admin_password"
              }
            ],
            [
              {
                "type": "get_attr",
                "value": "custom_data"
              }
            ]
          ],
          "identity_schema_version": 0,
          "private": "eyJlMmJmYjczMC1lY2FhLTExZTYtOGY4OC0zNDM2M2JjN2M0YzAiOnsiY3JlYXRlIjoyNzAwMDAwMDAwMDAwLCJkZWxldGUiOjI3MDAwMDAwMDAwMDAsInJlYWQiOjMwMDAwMDAwMDAwMCwidXBkYXRlIjoyNzAwMDAwMDAwMDAwfX0=",
          "dependencies": [
            "azurerm_network_interface.devops_agent",
            "azurerm_public_ip.devops_agent",
            "azurerm_resource_group.devops_agent",
            "azurerm_subnet.devops_agent",
            "azurerm_virtual_network.devops_agent"
          ]
        }
      ]
    },
    {
      "mode": "managed",
      "type": "azurerm_network_interface",
      "name": "devops_agent",
      "provider": "provider[\"registry.terraform.io/hashicorp/azurerm\"]",
      "instances": [
        {
          "schema_version": 0,
          "attributes": {
            "accelerated_networking_enabled": false,
            "applied_dns_servers": [],
            "auxiliary_mode": "",
            "auxiliary_sku": "",
            "dns_servers": [],
            "edge_zone": "",
            "enable_accelerated_networking": false,
            "enable_ip_forwarding": false,
            "id": "/subscriptions/81900e2b-7315-4747-ad96-7782bf332ec6/resourceGroups/devops_agent_rg_dev/providers/Microsoft.Network/networkInterfaces/devops-agent-nic-dev",
            "internal_dns_name_label": "",
            "internal_domain_name_suffix": "elrco4dwvnperaweysv5ojr20a.gvxx.internal.cloudapp.net",
            "ip_configuration": [
              {
                "gateway_load_balancer_frontend_ip_configuration_id": "",
                "name": "internal",
                "primary": true,
                "private_ip_address": "10.0.1.4",
                "private_ip_address_allocation": "Dynamic",
                "private_ip_address_version": "IPv4",
                "public_ip_address_id": "/subscriptions/81900e2b-7315-4747-ad96-7782bf332ec6/resourceGroups/devops_agent_rg_dev/providers/Microsoft.Network/publicIPAddresses/devops-agent-pip-dev",
                "subnet_id": "/subscriptions/81900e2b-7315-4747-ad96-7782bf332ec6/resourceGroups/devops_agent_rg_dev/providers/Microsoft.Network/virtualNetworks/devops-agent-vnet-dev/subnets/devops-agent-subnet"
              }
            ],
            "ip_forwarding_enabled": false,
            "location": "swedencentral",
            "mac_address": "7C-1E-52-40-33-E1",
            "name": "devops-agent-nic-dev",
            "private_ip_address": "10.0.1.4",
            "private_ip_addresses": [
              "10.0.1.4"
            ],
            "resource_group_name": "devops_agent_rg_dev",
            "tags": {
              "environment": "dev"
            },
            "timeouts": null,
            "virtual_machine_id": "/subscriptions/81900e2b-7315-4747-ad96-7782bf332ec6/resourceGroups/devops_agent_rg_dev/providers/Microsoft.Compute/virtualMachines/devops-agent-dev"
          },
          "sensitive_attributes": [],
          "identity_schema_version": 0,
          "private": "eyJlMmJmYjczMC1lY2FhLTExZTYtOGY4OC0zNDM2M2JjN2M0YzAiOnsiY3JlYXRlIjoxODAwMDAwMDAwMDAwLCJkZWxldGUiOjE4MDAwMDAwMDAwMDAsInJlYWQiOjMwMDAwMDAwMDAwMCwidXBkYXRlIjoxODAwMDAwMDAwMDAwfX0=",
          "dependencies": [
            "azurerm_public_ip.devops_agent",
            "azurerm_resource_group.devops_agent",
            "azurerm_subnet.devops_agent",
            "azurerm_virtual_network.devops_agent"
          ]
        }
      ]
    },
    {
      "mode": "managed",
      "type": "azurerm_network_security_group",
      "name": "devops_agent",
      "provider": "provider[\"registry.terraform.io/hashicorp/azurerm\"]",
      "instances": [
        {
          "schema_version": 0,
          "attributes": {
            "id": "/subscriptions/81900e2b-7315-4747-ad96-7782bf332ec6/resourceGroups/devops_agent_rg_dev/providers/Microsoft.Network/networkSecurityGroups/devops-agent-nsg-dev",
            "location": "swedencentral",
            "name": "devops-agent-nsg-dev",
            "resource_group_name": "devops_agent_rg_dev",
            "security_rule": [
              {
                "access": "Allow",
                "description": "",
                "destination_address_prefix": "*",
                "destination_address_prefixes": [],
                "destination_application_security_group_ids": [],
                "destination_port_range": "22",
                "destination_port_ranges": [],
                "direction": "Inbound",
                "name": "SSH",
                "priority": 1001,
                "protocol": "Tcp",
                "source_address_prefix": "*",
                "source_address_prefixes": [],
                "source_application_security_group_ids": [],
                "source_port_range": "*",
                "source_port_ranges": []
              }
            ],
            "tags": {
              "environment": "dev"
            },
            "timeouts": null
          },
          "sensitive_attributes": [],
          "identity_schema_version": 0,
          "private": "eyJlMmJmYjczMC1lY2FhLTExZTYtOGY4OC0zNDM2M2JjN2M0YzAiOnsiY3JlYXRlIjoxODAwMDAwMDAwMDAwLCJkZWxldGUiOjE4MDAwMDAwMDAwMDAsInJlYWQiOjMwMDAwMDAwMDAwMCwidXBkYXRlIjoxODAwMDAwMDAwMDAwfX0=",
          "dependencies": [
            "azurerm_resource_group.devops_agent"
          ]
        }
      ]
    },
    {
      "mode": "managed",
      "type": "azurerm_public_ip",
      "name": "devops_agent",
      "provider": "provider[\"registry.terraform.io/hashicorp/azurerm\"]",
      "instances": [
        {
          "index_key": 0,
          "schema_version": 0,
          "attributes": {
            "allocation_method": "Static",
            "ddos_protection_mode": "VirtualNetworkInherited",
            "ddos_protection_plan_id": null,
            "domain_name_label": null,
            "edge_zone": "",
            "fqdn": null,
            "id": "/subscriptions/81900e2b-7315-4747-ad96-7782bf332ec6/resourceGroups/devops_agent_rg_dev/providers/Microsoft.Network/publicIPAddresses/devops-agent-pip-dev",
            "idle_timeout_in_minutes": 4,
            "ip_address": "4.223.84.205",
            "ip_tags": {},
            "ip_version": "IPv4",
            "location": "swedencentral",
            "name": "devops-agent-pip-dev",
            "public_ip_prefix_id": null,
            "resource_group_name": "devops_agent_rg_dev",
            "reverse_fqdn": null,
            "sku": "Standard",
            "sku_tier": "Regional",
            "tags": {
              "environment": "dev"
            },
            "timeouts": null,
            "zones": []
          },
          "sensitive_attributes": [],
          "identity_schema_version": 0,
          "private": "eyJlMmJmYjczMC1lY2FhLTExZTYtOGY4OC0zNDM2M2JjN2M0YzAiOnsiY3JlYXRlIjoxODAwMDAwMDAwMDAwLCJkZWxldGUiOjE4MDAwMDAwMDAwMDAsInJlYWQiOjMwMDAwMDAwMDAwMCwidXBkYXRlIjoxODAwMDAwMDAwMDAwfX0=",
          "dependencies": [
            "azurerm_resource_group.devops_agent"
          ]
        }
      ]
    },
    {
      "mode": "managed",
      "type": "azurerm_resource_group",
      "name": "devops_agent",
      "provider": "provider[\"registry.terraform.io/hashicorp/azurerm\"]",
      "instances": [
        {
          "schema_version": 0,
          "attributes": {
            "id": "/subscriptions/81900e2b-7315-4747-ad96-7782bf332ec6/resourceGroups/devops_agent_rg_dev",
            "location": "swedencentral",
            "managed_by": "",
            "name": "devops_agent_rg_dev",
            "tags": {
              "environment": "dev"
            },
            "timeouts": null
          },
          "sensitive_attributes": [],
          "identity_schema_version": 0,
          "private": "eyJlMmJmYjczMC1lY2FhLTExZTYtOGY4OC0zNDM2M2JjN2M0YzAiOnsiY3JlYXRlIjo1NDAwMDAwMDAwMDAwLCJkZWxldGUiOjU0MDAwMDAwMDAwMDAsInJlYWQiOjMwMDAwMDAwMDAwMCwidXBkYXRlIjo1NDAwMDAwMDAwMDAwfX0="
        }
      ]
    },
    {
      "mode": "managed",
      "type": "azurerm_subnet",
      "name": "devops_agent",
      "provider": "provider[\"registry.terraform.io/hashicorp/azurerm\"]",
      "instances": [
        {
          "schema_version": 0,
          "attributes": {
            "address_prefixes": [
              "10.0.1.0/24"
            ],
            "default_outbound_access_enabled": true,
            "delegation": [],
            "enforce_private_link_endpoint_network_policies": false,
            "enforce_private_link_service_network_policies": false,
            "id": "/subscriptions/81900e2b-7315-4747-ad96-7782bf332ec6/resourceGroups/devops_agent_rg_dev/providers/Microsoft.Network/virtualNetworks/devops-agent-vnet-dev/subnets/devops-agent-subnet",
            "name": "devops-agent-subnet",
            "private_endpoint_network_policies": "Enabled",
            "private_endpoint_network_policies_enabled": true,
            "private_link_service_network_policies_enabled": true,
            "resource_group_name": "devops_agent_rg_dev",
            "service_endpoint_policy_ids": [],
            "service_endpoints": [],
            "timeouts": null,
            "virtual_network_name": "devops-agent-vnet-dev"
          },
          "sensitive_attributes": [],
          "identity_schema_version": 0,
          "private": "eyJlMmJmYjczMC1lY2FhLTExZTYtOGY4OC0zNDM2M2JjN2M0YzAiOnsiY3JlYXRlIjoxODAwMDAwMDAwMDAwLCJkZWxldGUiOjE4MDAwMDAwMDAwMDAsInJlYWQiOjMwMDAwMDAwMDAwMCwidXBkYXRlIjoxODAwMDAwMDAwMDAwfX0=",
          "dependencies": [
            "azurerm_resource_group.devops_agent",
            "azurerm_virtual_network.devops_agent"
          ]
        }
      ]
    },
    {
      "mode": "managed",
      "type": "azurerm_subnet_network_security_group_association",
      "name": "devops_agent",
      "provider": "provider[\"registry.terraform.io/hashicorp/azurerm\"]",
      "instances": [
        {
          "schema_version": 0,
          "attributes": {
            "id": "/subscriptions/81900e2b-7315-4747-ad96-7782bf332ec6/resourceGroups/devops_agent_rg_dev/providers/Microsoft.Network/virtualNetworks/devops-agent-vnet-dev/subnets/devops-agent-subnet",
            "network_security_group_id": "/subscriptions/81900e2b-7315-4747-ad96-7782bf332ec6/resourceGroups/devops_agent_rg_dev/providers/Microsoft.Network/networkSecurityGroups/devops-agent-nsg-dev",
            "subnet_id": "/subscriptions/81900e2b-7315-4747-ad96-7782bf332ec6/resourceGroups/devops_agent_rg_dev/providers/Microsoft.Network/virtualNetworks/devops-agent-vnet-dev/subnets/devops-agent-subnet",
            "timeouts": null
          },
          "sensitive_attributes": [],
          "identity_schema_version": 0,
          "private": "eyJlMmJmYjczMC1lY2FhLTExZTYtOGY4OC0zNDM2M2JjN2M0YzAiOnsiY3JlYXRlIjoxODAwMDAwMDAwMDAwLCJkZWxldGUiOjE4MDAwMDAwMDAwMDAsInJlYWQiOjMwMDAwMDAwMDAwMH19",
          "dependencies": [
            "azurerm_network_security_group.devops_agent",
            "azurerm_resource_group.devops_agent",
            "azurerm_subnet.devops_agent",
            "azurerm_virtual_network.devops_agent"
          ]
        }
      ]
    },
    {
      "mode": "managed",
      "type": "azurerm_virtual_network",
      "name": "devops_agent",
      "provider": "provider[\"registry.terraform.io/hashicorp/azurerm\"]",
      "instances": [
        {
          "schema_version": 0,
          "attributes": {
            "address_space": [
              "10.0.0.0/16"
            ],
            "bgp_community": "",
            "ddos_protection_plan": [],
            "dns_servers": [],
            "edge_zone": "",
            "encryption": [],
            "flow_timeout_in_minutes": 0,
            "guid": "7827e222-ab76-485e-82c4-c4abf7263cd0",
            "id": "/subscriptions/81900e2b-7315-4747-ad96-7782bf332ec6/resourceGroups/devops_agent_rg_dev/providers/Microsoft.Network/virtualNetworks/devops-agent-vnet-dev",
            "location": "swedencentral",
            "name": "devops-agent-vnet-dev",
            "resource_group_name": "devops_agent_rg_dev",
            "subnet": [
              {
                "address_prefix": "10.0.1.0/24",
                "id": "/subscriptions/81900e2b-7315-4747-ad96-7782bf332ec6/resourceGroups/devops_agent_rg_dev/providers/Microsoft.Network/virtualNetworks/devops-agent-vnet-dev/subnets/devops-agent-subnet",
                "name": "devops-agent-subnet",
                "security_group": "/subscriptions/81900e2b-7315-4747-ad96-7782bf332ec6/resourceGroups/devops_agent_rg_dev/providers/Microsoft.Network/networkSecurityGroups/devops-agent-nsg-dev"
              }
            ],
            "tags": {
              "environment": "dev"
            },
            "timeouts": null
          },
          "sensitive_attributes": [],
          "identity_schema_version": 0,
          "private": "eyJlMmJmYjczMC1lY2FhLTExZTYtOGY4OC0zNDM2M2JjN2M0YzAiOnsiY3JlYXRlIjoxODAwMDAwMDAwMDAwLCJkZWxldGUiOjE4MDAwMDAwMDAwMDAsInJlYWQiOjMwMDAwMDAwMDAwMCwidXBkYXRlIjoxODAwMDAwMDAwMDAwfX0=",
          "dependencies": [
            "azurerm_resource_group.devops_agent"
          ]
        }
      ]
    }
  ],
  "check_results": null
}
